{
  "object": {
    "pins": [
      {
        "package": "TextFileds",
        "repositoryURL": "https://github.com/suprunovv/TextFileds.git",
        "state": {
          "branch": "main",
          "revision": "ef1493b186beb71247fe1714862c4082c76cf608",
          "version": null
        }
      }
    ]
  },
  "version": 1
}
