// !$*UTF8*$!
{
	archiveVersion = 1;
	classes = {
	};
	objectVersion = 55;
	objects = {

/* Begin PBXBuildFile section */
		52A65F082B8CDEB7001EF2E0 /* AppDelegate.swift in Sources */ = {isa = PBXBuildFile; fileRef = 52A65F072B8CDEB7001EF2E0 /* AppDelegate.swift */; };
		52A65F0A2B8CDEB7001EF2E0 /* SceneDelegate.swift in Sources */ = {isa = PBXBuildFile; fileRef = 52A65F092B8CDEB7001EF2E0 /* SceneDelegate.swift */; };
		52A65F0F2B8CDEB7001EF2E0 /* Main.storyboard in Resources */ = {isa = PBXBuildFile; fileRef = 52A65F0D2B8CDEB7001EF2E0 /* Main.storyboard */; };
		52A65F112B8CDEB9001EF2E0 /* Assets.xcassets in Resources */ = {isa = PBXBuildFile; fileRef = 52A65F102B8CDEB9001EF2E0 /* Assets.xcassets */; };
		52A65F142B8CDEB9001EF2E0 /* LaunchScreen.storyboard in Resources */ = {isa = PBXBuildFile; fileRef = 52A65F122B8CDEB9001EF2E0 /* LaunchScreen.storyboard */; };
		52A65F2E2B8FDE2D001EF2E0 /* RecipesViewPresenter.swift in Sources */ = {isa = PBXBuildFile; fileRef = 52A65F2D2B8FDE2D001EF2E0 /* RecipesViewPresenter.swift */; };
		52A65F302B8FDEF5001EF2E0 /* RecipesViewController.swift in Sources */ = {isa = PBXBuildFile; fileRef = 52A65F2F2B8FDEF5001EF2E0 /* RecipesViewController.swift */; };
		52A65F322B8FE74F001EF2E0 /* RecipesCategoryCell.swift in Sources */ = {isa = PBXBuildFile; fileRef = 52A65F312B8FE74F001EF2E0 /* RecipesCategoryCell.swift */; };
		52A65F382B901975001EF2E0 /* RecipesCategory.swift in Sources */ = {isa = PBXBuildFile; fileRef = 52A65F372B901975001EF2E0 /* RecipesCategory.swift */; };
		DA3785252B8D1186005A190A /* RecipelyAppTabBarController.swift in Sources */ = {isa = PBXBuildFile; fileRef = DA3785242B8D1186005A190A /* RecipelyAppTabBarController.swift */; };
		DA3785282B8D1393005A190A /* UIFont+Extension.swift in Sources */ = {isa = PBXBuildFile; fileRef = DA3785272B8D1393005A190A /* UIFont+Extension.swift */; };
		DA37852A2B8D1DD8005A190A /* UIColor+Extension.swift in Sources */ = {isa = PBXBuildFile; fileRef = DA3785292B8D1DD8005A190A /* UIColor+Extension.swift */; };
		DA37852C2B8D1EC7005A190A /* UIImage+Extension.swift in Sources */ = {isa = PBXBuildFile; fileRef = DA37852B2B8D1EC7005A190A /* UIImage+Extension.swift */; };
		DA3785332B8D38DD005A190A /* LoginViewController.swift in Sources */ = {isa = PBXBuildFile; fileRef = DA3785302B8D38DD005A190A /* LoginViewController.swift */; };
		DA3785342B8D38DD005A190A /* PersonData.swift in Sources */ = {isa = PBXBuildFile; fileRef = DA3785312B8D38DD005A190A /* PersonData.swift */; };
		DA37853D2B8E0A51005A190A /* Coordinator.swift in Sources */ = {isa = PBXBuildFile; fileRef = DA37853C2B8E0A51005A190A /* Coordinator.swift */; };
		DA37853F2B8E0C60005A190A /* BaseCoordinator.swift in Sources */ = {isa = PBXBuildFile; fileRef = DA37853E2B8E0C60005A190A /* BaseCoordinator.swift */; };
		DA3785412B8E0D83005A190A /* AppCoordinator.swift in Sources */ = {isa = PBXBuildFile; fileRef = DA3785402B8E0D83005A190A /* AppCoordinator.swift */; };
		DA3785442B8E1116005A190A /* AuthService.swift in Sources */ = {isa = PBXBuildFile; fileRef = DA3785432B8E1116005A190A /* AuthService.swift */; };
		DA3785462B8E1285005A190A /* AuthCoordinator.swift in Sources */ = {isa = PBXBuildFile; fileRef = DA3785452B8E1285005A190A /* AuthCoordinator.swift */; };
		DA3785482B8E186E005A190A /* AppTabBarCoordinator.swift in Sources */ = {isa = PBXBuildFile; fileRef = DA3785472B8E186E005A190A /* AppTabBarCoordinator.swift */; };
		DA37854B2B8E1955005A190A /* ModuleBuilder.swift in Sources */ = {isa = PBXBuildFile; fileRef = DA37854A2B8E1955005A190A /* ModuleBuilder.swift */; };
		DA3785512B8E1C2E005A190A /* RecipesCoordinator.swift in Sources */ = {isa = PBXBuildFile; fileRef = DA3785502B8E1C2E005A190A /* RecipesCoordinator.swift */; };
		DA3785602B8E2345005A190A /* FavoritesCoordinator.swift in Sources */ = {isa = PBXBuildFile; fileRef = DA37855F2B8E2345005A190A /* FavoritesCoordinator.swift */; };
		DA3785622B8E2392005A190A /* ProfileCoordinator.swift in Sources */ = {isa = PBXBuildFile; fileRef = DA3785612B8E2392005A190A /* ProfileCoordinator.swift */; };
		DA3785642B8E2EEF005A190A /* ProfileViewController.swift in Sources */ = {isa = PBXBuildFile; fileRef = DA3785632B8E2EEF005A190A /* ProfileViewController.swift */; };
		DA3785662B8E30A9005A190A /* UIView+Extension.swift in Sources */ = {isa = PBXBuildFile; fileRef = DA3785652B8E30A9005A190A /* UIView+Extension.swift */; };
		DA3785682B8E31E7005A190A /* ProfileInfoCell.swift in Sources */ = {isa = PBXBuildFile; fileRef = DA3785672B8E31E7005A190A /* ProfileInfoCell.swift */; };
		DA37856D2B8E32E9005A190A /* ProfileInfo.swift in Sources */ = {isa = PBXBuildFile; fileRef = DA37856C2B8E32E9005A190A /* ProfileInfo.swift */; };
		DA37856F2B8E33C3005A190A /* ProfileSettingOption.swift in Sources */ = {isa = PBXBuildFile; fileRef = DA37856E2B8E33C3005A190A /* ProfileSettingOption.swift */; };
		DA3785712B8E342B005A190A /* ProfileTableConfiguration.swift in Sources */ = {isa = PBXBuildFile; fileRef = DA3785702B8E342B005A190A /* ProfileTableConfiguration.swift */; };
		DA3785732B8E3838005A190A /* ProfileSettingCell.swift in Sources */ = {isa = PBXBuildFile; fileRef = DA3785722B8E3838005A190A /* ProfileSettingCell.swift */; };
		DA3785752B8E6482005A190A /* LoginFormValidator.swift in Sources */ = {isa = PBXBuildFile; fileRef = DA3785742B8E6482005A190A /* LoginFormValidator.swift */; };
		DA37857C2B8E7040005A190A /* LoginViewPresenter.swift in Sources */ = {isa = PBXBuildFile; fileRef = DA3785792B8E7040005A190A /* LoginViewPresenter.swift */; };
		DA37858B2B907E03005A190A /* Typealias.swift in Sources */ = {isa = PBXBuildFile; fileRef = DA37858A2B907E03005A190A /* Typealias.swift */; };
/* End PBXBuildFile section */

/* Begin PBXFileReference section */
		52A65F042B8CDEB7001EF2E0 /* MVPproject.app */ = {isa = PBXFileReference; explicitFileType = wrapper.application; includeInIndex = 0; path = MVPproject.app; sourceTree = BUILT_PRODUCTS_DIR; };
		52A65F072B8CDEB7001EF2E0 /* AppDelegate.swift */ = {isa = PBXFileReference; lastKnownFileType = sourcecode.swift; path = AppDelegate.swift; sourceTree = "<group>"; };
		52A65F092B8CDEB7001EF2E0 /* SceneDelegate.swift */ = {isa = PBXFileReference; lastKnownFileType = sourcecode.swift; path = SceneDelegate.swift; sourceTree = "<group>"; };
		52A65F0E2B8CDEB7001EF2E0 /* Base */ = {isa = PBXFileReference; lastKnownFileType = file.storyboard; name = Base; path = Base.lproj/Main.storyboard; sourceTree = "<group>"; };
		52A65F102B8CDEB9001EF2E0 /* Assets.xcassets */ = {isa = PBXFileReference; lastKnownFileType = folder.assetcatalog; path = Assets.xcassets; sourceTree = "<group>"; };
		52A65F132B8CDEB9001EF2E0 /* Base */ = {isa = PBXFileReference; lastKnownFileType = file.storyboard; name = Base; path = Base.lproj/LaunchScreen.storyboard; sourceTree = "<group>"; };
		52A65F152B8CDEB9001EF2E0 /* Info.plist */ = {isa = PBXFileReference; lastKnownFileType = text.plist.xml; path = Info.plist; sourceTree = "<group>"; };
		52A65F2D2B8FDE2D001EF2E0 /* RecipesViewPresenter.swift */ = {isa = PBXFileReference; lastKnownFileType = sourcecode.swift; path = RecipesViewPresenter.swift; sourceTree = "<group>"; };
		52A65F2F2B8FDEF5001EF2E0 /* RecipesViewController.swift */ = {isa = PBXFileReference; lastKnownFileType = sourcecode.swift; path = RecipesViewController.swift; sourceTree = "<group>"; };
		52A65F312B8FE74F001EF2E0 /* RecipesCategoryCell.swift */ = {isa = PBXFileReference; lastKnownFileType = sourcecode.swift; path = RecipesCategoryCell.swift; sourceTree = "<group>"; };
		52A65F372B901975001EF2E0 /* RecipesCategory.swift */ = {isa = PBXFileReference; lastKnownFileType = sourcecode.swift; path = RecipesCategory.swift; sourceTree = "<group>"; };
		DA3785242B8D1186005A190A /* RecipelyAppTabBarController.swift */ = {isa = PBXFileReference; lastKnownFileType = sourcecode.swift; path = RecipelyAppTabBarController.swift; sourceTree = "<group>"; };
		DA3785272B8D1393005A190A /* UIFont+Extension.swift */ = {isa = PBXFileReference; lastKnownFileType = sourcecode.swift; path = "UIFont+Extension.swift"; sourceTree = "<group>"; };
		DA3785292B8D1DD8005A190A /* UIColor+Extension.swift */ = {isa = PBXFileReference; lastKnownFileType = sourcecode.swift; path = "UIColor+Extension.swift"; sourceTree = "<group>"; };
		DA37852B2B8D1EC7005A190A /* UIImage+Extension.swift */ = {isa = PBXFileReference; lastKnownFileType = sourcecode.swift; path = "UIImage+Extension.swift"; sourceTree = "<group>"; };
		DA3785302B8D38DD005A190A /* LoginViewController.swift */ = {isa = PBXFileReference; fileEncoding = 4; lastKnownFileType = sourcecode.swift; path = LoginViewController.swift; sourceTree = "<group>"; };
		DA3785312B8D38DD005A190A /* PersonData.swift */ = {isa = PBXFileReference; fileEncoding = 4; lastKnownFileType = sourcecode.swift; path = PersonData.swift; sourceTree = "<group>"; };
		DA37853C2B8E0A51005A190A /* Coordinator.swift */ = {isa = PBXFileReference; lastKnownFileType = sourcecode.swift; path = Coordinator.swift; sourceTree = "<group>"; };
		DA37853E2B8E0C60005A190A /* BaseCoordinator.swift */ = {isa = PBXFileReference; lastKnownFileType = sourcecode.swift; path = BaseCoordinator.swift; sourceTree = "<group>"; };
		DA3785402B8E0D83005A190A /* AppCoordinator.swift */ = {isa = PBXFileReference; lastKnownFileType = sourcecode.swift; path = AppCoordinator.swift; sourceTree = "<group>"; };
		DA3785432B8E1116005A190A /* AuthService.swift */ = {isa = PBXFileReference; lastKnownFileType = sourcecode.swift; path = AuthService.swift; sourceTree = "<group>"; };
		DA3785452B8E1285005A190A /* AuthCoordinator.swift */ = {isa = PBXFileReference; lastKnownFileType = sourcecode.swift; path = AuthCoordinator.swift; sourceTree = "<group>"; };
		DA3785472B8E186E005A190A /* AppTabBarCoordinator.swift */ = {isa = PBXFileReference; lastKnownFileType = sourcecode.swift; path = AppTabBarCoordinator.swift; sourceTree = "<group>"; };
		DA37854A2B8E1955005A190A /* ModuleBuilder.swift */ = {isa = PBXFileReference; lastKnownFileType = sourcecode.swift; path = ModuleBuilder.swift; sourceTree = "<group>"; };
		DA3785502B8E1C2E005A190A /* RecipesCoordinator.swift */ = {isa = PBXFileReference; lastKnownFileType = sourcecode.swift; path = RecipesCoordinator.swift; sourceTree = "<group>"; };
		DA37855F2B8E2345005A190A /* FavoritesCoordinator.swift */ = {isa = PBXFileReference; lastKnownFileType = sourcecode.swift; path = FavoritesCoordinator.swift; sourceTree = "<group>"; };
		DA3785612B8E2392005A190A /* ProfileCoordinator.swift */ = {isa = PBXFileReference; lastKnownFileType = sourcecode.swift; path = ProfileCoordinator.swift; sourceTree = "<group>"; };
		DA3785632B8E2EEF005A190A /* ProfileViewController.swift */ = {isa = PBXFileReference; lastKnownFileType = sourcecode.swift; path = ProfileViewController.swift; sourceTree = "<group>"; };
		DA3785652B8E30A9005A190A /* UIView+Extension.swift */ = {isa = PBXFileReference; lastKnownFileType = sourcecode.swift; path = "UIView+Extension.swift"; sourceTree = "<group>"; };
		DA3785672B8E31E7005A190A /* ProfileInfoCell.swift */ = {isa = PBXFileReference; lastKnownFileType = sourcecode.swift; path = ProfileInfoCell.swift; sourceTree = "<group>"; };
		DA37856C2B8E32E9005A190A /* ProfileInfo.swift */ = {isa = PBXFileReference; lastKnownFileType = sourcecode.swift; path = ProfileInfo.swift; sourceTree = "<group>"; };
		DA37856E2B8E33C3005A190A /* ProfileSettingOption.swift */ = {isa = PBXFileReference; lastKnownFileType = sourcecode.swift; path = ProfileSettingOption.swift; sourceTree = "<group>"; };
		DA3785702B8E342B005A190A /* ProfileTableConfiguration.swift */ = {isa = PBXFileReference; lastKnownFileType = sourcecode.swift; path = ProfileTableConfiguration.swift; sourceTree = "<group>"; };
		DA3785722B8E3838005A190A /* ProfileSettingCell.swift */ = {isa = PBXFileReference; lastKnownFileType = sourcecode.swift; path = ProfileSettingCell.swift; sourceTree = "<group>"; };
		DA3785742B8E6482005A190A /* LoginFormValidator.swift */ = {isa = PBXFileReference; lastKnownFileType = sourcecode.swift; path = LoginFormValidator.swift; sourceTree = "<group>"; };
		DA3785792B8E7040005A190A /* LoginViewPresenter.swift */ = {isa = PBXFileReference; fileEncoding = 4; lastKnownFileType = sourcecode.swift; path = LoginViewPresenter.swift; sourceTree = "<group>"; };
		DA37858A2B907E03005A190A /* Typealias.swift */ = {isa = PBXFileReference; lastKnownFileType = sourcecode.swift; path = Typealias.swift; sourceTree = "<group>"; };
/* End PBXFileReference section */

/* Begin PBXFrameworksBuildPhase section */
		52A65F012B8CDEB7001EF2E0 /* Frameworks */ = {
			isa = PBXFrameworksBuildPhase;
			buildActionMask = 2147483647;
			files = (
			);
			runOnlyForDeploymentPostprocessing = 0;
		};
/* End PBXFrameworksBuildPhase section */

/* Begin PBXGroup section */
		52A65EFB2B8CDEB7001EF2E0 = {
			isa = PBXGroup;
			children = (
				52A65F062B8CDEB7001EF2E0 /* MVPproject */,
				52A65F052B8CDEB7001EF2E0 /* Products */,
			);
			sourceTree = "<group>";
		};
		52A65F052B8CDEB7001EF2E0 /* Products */ = {
			isa = PBXGroup;
			children = (
				52A65F042B8CDEB7001EF2E0 /* MVPproject.app */,
			);
			name = Products;
			sourceTree = "<group>";
		};
		52A65F062B8CDEB7001EF2E0 /* MVPproject */ = {
			isa = PBXGroup;
			children = (
				DA3785542B8E201E005A190A /* Application */,
				DA3785382B8D39EE005A190A /* AppModule */,
				DA3785522B8E1FF5005A190A /* AppTabBarModule */,
				DA3785352B8D39B2005A190A /* AuthModule */,
				DA37854C2B8E1AB4005A190A /* RecipesModule */,
				DA3785562B8E208A005A190A /* FavoritesModule */,
				DA3785552B8E205C005A190A /* ProfileModule */,
				DA37855A2B8E2113005A190A /* Builders */,
				DA37853B2B8E09F0005A190A /* Coordinators */,
				DA37852D2B8D22FE005A190A /* Resources */,
				DA3785262B8D1382005A190A /* Extensions */,
				DA37852E2B8D2326005A190A /* SupportingFiles */,
			);
			path = MVPproject;
			sourceTree = "<group>";
		};
		52A65F332B9018D2001EF2E0 /* Presenter */ = {
			isa = PBXGroup;
			children = (
				52A65F2D2B8FDE2D001EF2E0 /* RecipesViewPresenter.swift */,
			);
			path = Presenter;
			sourceTree = "<group>";
		};
		52A65F342B901910001EF2E0 /* Model */ = {
			isa = PBXGroup;
			children = (
				52A65F372B901975001EF2E0 /* RecipesCategory.swift */,
			);
			path = Model;
			sourceTree = "<group>";
		};
		52A65F352B90191C001EF2E0 /* View */ = {
			isa = PBXGroup;
			children = (
				52A65F2F2B8FDEF5001EF2E0 /* RecipesViewController.swift */,
			);
			path = View;
			sourceTree = "<group>";
		};
		52A65F362B901937001EF2E0 /* Cell */ = {
			isa = PBXGroup;
			children = (
				52A65F312B8FE74F001EF2E0 /* RecipesCategoryCell.swift */,
			);
			path = Cell;
			sourceTree = "<group>";
		};
		DA3785262B8D1382005A190A /* Extensions */ = {
			isa = PBXGroup;
			children = (
				DA3785272B8D1393005A190A /* UIFont+Extension.swift */,
				DA3785292B8D1DD8005A190A /* UIColor+Extension.swift */,
				DA37852B2B8D1EC7005A190A /* UIImage+Extension.swift */,
				DA3785652B8E30A9005A190A /* UIView+Extension.swift */,
			);
			path = Extensions;
			sourceTree = "<group>";
		};
		DA37852D2B8D22FE005A190A /* Resources */ = {
			isa = PBXGroup;
			children = (
				52A65F102B8CDEB9001EF2E0 /* Assets.xcassets */,
			);
			path = Resources;
			sourceTree = "<group>";
		};
		DA37852E2B8D2326005A190A /* SupportingFiles */ = {
			isa = PBXGroup;
			children = (
				52A65F0D2B8CDEB7001EF2E0 /* Main.storyboard */,
				52A65F122B8CDEB9001EF2E0 /* LaunchScreen.storyboard */,
				52A65F152B8CDEB9001EF2E0 /* Info.plist */,
			);
			path = SupportingFiles;
			sourceTree = "<group>";
		};
		DA3785352B8D39B2005A190A /* AuthModule */ = {
			isa = PBXGroup;
			children = (
				DA3785782B8E7040005A190A /* Presenter */,
				DA3785372B8D39CE005A190A /* Model */,
				DA3785362B8D39C0005A190A /* View */,
			);
			path = AuthModule;
			sourceTree = "<group>";
		};
		DA3785362B8D39C0005A190A /* View */ = {
			isa = PBXGroup;
			children = (
				DA3785302B8D38DD005A190A /* LoginViewController.swift */,
			);
			path = View;
			sourceTree = "<group>";
		};
		DA3785372B8D39CE005A190A /* Model */ = {
			isa = PBXGroup;
			children = (
				DA3785312B8D38DD005A190A /* PersonData.swift */,
				DA3785742B8E6482005A190A /* LoginFormValidator.swift */,
			);
			path = Model;
			sourceTree = "<group>";
		};
		DA3785382B8D39EE005A190A /* AppModule */ = {
			isa = PBXGroup;
			children = (
				DA3785422B8E1104005A190A /* Model */,
			);
			path = AppModule;
			sourceTree = "<group>";
		};
		DA37853B2B8E09F0005A190A /* Coordinators */ = {
			isa = PBXGroup;
			children = (
				DA37853C2B8E0A51005A190A /* Coordinator.swift */,
				DA37853E2B8E0C60005A190A /* BaseCoordinator.swift */,
				DA3785402B8E0D83005A190A /* AppCoordinator.swift */,
				DA3785452B8E1285005A190A /* AuthCoordinator.swift */,
				DA3785472B8E186E005A190A /* AppTabBarCoordinator.swift */,
				DA3785502B8E1C2E005A190A /* RecipesCoordinator.swift */,
				DA37855F2B8E2345005A190A /* FavoritesCoordinator.swift */,
				DA3785612B8E2392005A190A /* ProfileCoordinator.swift */,
				DA37858A2B907E03005A190A /* Typealias.swift */,
			);
			path = Coordinators;
			sourceTree = "<group>";
		};
		DA3785422B8E1104005A190A /* Model */ = {
			isa = PBXGroup;
			children = (
				DA3785432B8E1116005A190A /* AuthService.swift */,
			);
			path = Model;
			sourceTree = "<group>";
		};
		DA37854C2B8E1AB4005A190A /* RecipesModule */ = {
			isa = PBXGroup;
			children = (
				52A65F362B901937001EF2E0 /* Cell */,
				52A65F352B90191C001EF2E0 /* View */,
				52A65F342B901910001EF2E0 /* Model */,
				52A65F332B9018D2001EF2E0 /* Presenter */,
			);
			path = RecipesModule;
			sourceTree = "<group>";
		};
		DA3785522B8E1FF5005A190A /* AppTabBarModule */ = {
			isa = PBXGroup;
			children = (
				DA3785532B8E1FFE005A190A /* View */,
			);
			path = AppTabBarModule;
			sourceTree = "<group>";
		};
		DA3785532B8E1FFE005A190A /* View */ = {
			isa = PBXGroup;
			children = (
				DA3785242B8D1186005A190A /* RecipelyAppTabBarController.swift */,
			);
			path = View;
			sourceTree = "<group>";
		};
		DA3785542B8E201E005A190A /* Application */ = {
			isa = PBXGroup;
			children = (
				52A65F072B8CDEB7001EF2E0 /* AppDelegate.swift */,
				52A65F092B8CDEB7001EF2E0 /* SceneDelegate.swift */,
			);
			path = Application;
			sourceTree = "<group>";
		};
		DA3785552B8E205C005A190A /* ProfileModule */ = {
			isa = PBXGroup;
			children = (
				DA37856B2B8E32CF005A190A /* Model */,
				DA37856A2B8E32BD005A190A /* View */,
			);
			path = ProfileModule;
			sourceTree = "<group>";
		};
		DA3785562B8E208A005A190A /* FavoritesModule */ = {
			isa = PBXGroup;
			children = (
			);
			path = FavoritesModule;
			sourceTree = "<group>";
		};
		DA37855A2B8E2113005A190A /* Builders */ = {
			isa = PBXGroup;
			children = (
				DA37854A2B8E1955005A190A /* ModuleBuilder.swift */,
			);
			path = Builders;
			sourceTree = "<group>";
		};
		DA37856A2B8E32BD005A190A /* View */ = {
			isa = PBXGroup;
			children = (
				DA3785632B8E2EEF005A190A /* ProfileViewController.swift */,
				DA3785672B8E31E7005A190A /* ProfileInfoCell.swift */,
				DA3785722B8E3838005A190A /* ProfileSettingCell.swift */,
			);
			path = View;
			sourceTree = "<group>";
		};
		DA37856B2B8E32CF005A190A /* Model */ = {
			isa = PBXGroup;
			children = (
				DA37856C2B8E32E9005A190A /* ProfileInfo.swift */,
				DA37856E2B8E33C3005A190A /* ProfileSettingOption.swift */,
				DA3785702B8E342B005A190A /* ProfileTableConfiguration.swift */,
			);
			path = Model;
			sourceTree = "<group>";
		};
		DA3785782B8E7040005A190A /* Presenter */ = {
			isa = PBXGroup;
			children = (
				DA3785792B8E7040005A190A /* LoginViewPresenter.swift */,
			);
			path = Presenter;
			sourceTree = "<group>";
		};
/* End PBXGroup section */

/* Begin PBXNativeTarget section */
		52A65F032B8CDEB7001EF2E0 /* MVPproject */ = {
			isa = PBXNativeTarget;
			buildConfigurationList = 52A65F182B8CDEB9001EF2E0 /* Build configuration list for PBXNativeTarget "MVPproject" */;
			buildPhases = (
				52A65F002B8CDEB7001EF2E0 /* Sources */,
				52A65F012B8CDEB7001EF2E0 /* Frameworks */,
				52A65F022B8CDEB7001EF2E0 /* Resources */,
				52A65F1C2B8CDF8A001EF2E0 /* swiftformater */,
				52A65F1B2B8CDF64001EF2E0 /* swiftlint */,
			);
			buildRules = (
			);
			dependencies = (
			);
			name = MVPproject;
			productName = MVPproject;
			productReference = 52A65F042B8CDEB7001EF2E0 /* MVPproject.app */;
			productType = "com.apple.product-type.application";
		};
/* End PBXNativeTarget section */

/* Begin PBXProject section */
		52A65EFC2B8CDEB7001EF2E0 /* Project object */ = {
			isa = PBXProject;
			attributes = {
				BuildIndependentTargetsInParallel = 1;
				LastSwiftUpdateCheck = 1320;
				LastUpgradeCheck = 1520;
				TargetAttributes = {
					52A65F032B8CDEB7001EF2E0 = {
						CreatedOnToolsVersion = 13.2.1;
					};
				};
			};
			buildConfigurationList = 52A65EFF2B8CDEB7001EF2E0 /* Build configuration list for PBXProject "MVPproject" */;
			compatibilityVersion = "Xcode 13.0";
			developmentRegion = en;
			hasScannedForEncodings = 0;
			knownRegions = (
				en,
				Base,
			);
			mainGroup = 52A65EFB2B8CDEB7001EF2E0;
			productRefGroup = 52A65F052B8CDEB7001EF2E0 /* Products */;
			projectDirPath = "";
			projectRoot = "";
			targets = (
				52A65F032B8CDEB7001EF2E0 /* MVPproject */,
			);
		};
/* End PBXProject section */

/* Begin PBXResourcesBuildPhase section */
		52A65F022B8CDEB7001EF2E0 /* Resources */ = {
			isa = PBXResourcesBuildPhase;
			buildActionMask = 2147483647;
			files = (
				52A65F142B8CDEB9001EF2E0 /* LaunchScreen.storyboard in Resources */,
				52A65F112B8CDEB9001EF2E0 /* Assets.xcassets in Resources */,
				52A65F0F2B8CDEB7001EF2E0 /* Main.storyboard in Resources */,
			);
			runOnlyForDeploymentPostprocessing = 0;
		};
/* End PBXResourcesBuildPhase section */

/* Begin PBXShellScriptBuildPhase section */
		52A65F1B2B8CDF64001EF2E0 /* swiftlint */ = {
			isa = PBXShellScriptBuildPhase;
			alwaysOutOfDate = 1;
			buildActionMask = 2147483647;
			files = (
			);
			inputFileListPaths = (
			);
			inputPaths = (
			);
			name = swiftlint;
			outputFileListPaths = (
			);
			outputPaths = (
			);
			runOnlyForDeploymentPostprocessing = 0;
			shellPath = /bin/sh;
			shellScript = "if [[ \"$(uname -m)\" == arm64 ]]; then\n    export PATH=\"/opt/homebrew/bin:$PATH\"\nfi\n\nif which swiftlint > /dev/null; then\n  swiftlint\nelse\n  echo \"warning: SwiftLint not installed, download from https://github.com/realm/SwiftLint\"\nfi\n";
			showEnvVarsInLog = 0;
		};
		52A65F1C2B8CDF8A001EF2E0 /* swiftformater */ = {
			isa = PBXShellScriptBuildPhase;
			alwaysOutOfDate = 1;
			buildActionMask = 2147483647;
			files = (
			);
			inputFileListPaths = (
			);
			inputPaths = (
			);
			name = swiftformater;
			outputFileListPaths = (
			);
			outputPaths = (
			);
			runOnlyForDeploymentPostprocessing = 0;
			shellPath = /bin/sh;
			shellScript = "if [[ \"$(uname -m)\" == arm64 ]]; then\n    export PATH=\"/opt/homebrew/bin:$PATH\"\nfi\n\nif which swiftformat > /dev/null; then\n  swiftformat .\nelse\n  echo \"warning: SwiftFormat not installed, download from https://github.com/nicklockwood/SwiftFormat\"\nfi\n";
			showEnvVarsInLog = 0;
		};
/* End PBXShellScriptBuildPhase section */

/* Begin PBXSourcesBuildPhase section */
		52A65F002B8CDEB7001EF2E0 /* Sources */ = {
			isa = PBXSourcesBuildPhase;
			buildActionMask = 2147483647;
			files = (
				DA3785622B8E2392005A190A /* ProfileCoordinator.swift in Sources */,
				DA3785412B8E0D83005A190A /* AppCoordinator.swift in Sources */,
				DA3785602B8E2345005A190A /* FavoritesCoordinator.swift in Sources */,
				DA3785462B8E1285005A190A /* AuthCoordinator.swift in Sources */,
				DA37856F2B8E33C3005A190A /* ProfileSettingOption.swift in Sources */,
				52A65F082B8CDEB7001EF2E0 /* AppDelegate.swift in Sources */,
				DA37858B2B907E03005A190A /* Typealias.swift in Sources */,
				DA37853D2B8E0A51005A190A /* Coordinator.swift in Sources */,
				DA3785252B8D1186005A190A /* RecipelyAppTabBarController.swift in Sources */,
				DA3785282B8D1393005A190A /* UIFont+Extension.swift in Sources */,
				DA37852C2B8D1EC7005A190A /* UIImage+Extension.swift in Sources */,
				DA37853F2B8E0C60005A190A /* BaseCoordinator.swift in Sources */,
				52A65F2E2B8FDE2D001EF2E0 /* RecipesViewPresenter.swift in Sources */,
				52A65F0A2B8CDEB7001EF2E0 /* SceneDelegate.swift in Sources */,
				DA37854B2B8E1955005A190A /* ModuleBuilder.swift in Sources */,
				52A65F322B8FE74F001EF2E0 /* RecipesCategoryCell.swift in Sources */,
				DA3785332B8D38DD005A190A /* LoginViewController.swift in Sources */,
				DA3785482B8E186E005A190A /* AppTabBarCoordinator.swift in Sources */,
				DA3785442B8E1116005A190A /* AuthService.swift in Sources */,
				DA37857C2B8E7040005A190A /* LoginViewPresenter.swift in Sources */,
				52A65F382B901975001EF2E0 /* RecipesCategory.swift in Sources */,
				DA3785512B8E1C2E005A190A /* RecipesCoordinator.swift in Sources */,
				DA3785732B8E3838005A190A /* ProfileSettingCell.swift in Sources */,
				DA3785682B8E31E7005A190A /* ProfileInfoCell.swift in Sources */,
				DA3785642B8E2EEF005A190A /* ProfileViewController.swift in Sources */,
				DA3785752B8E6482005A190A /* LoginFormValidator.swift in Sources */,
				DA3785342B8D38DD005A190A /* PersonData.swift in Sources */,
				DA37856D2B8E32E9005A190A /* ProfileInfo.swift in Sources */,
				DA3785712B8E342B005A190A /* ProfileTableConfiguration.swift in Sources */,
				DA3785662B8E30A9005A190A /* UIView+Extension.swift in Sources */,
				DA37852A2B8D1DD8005A190A /* UIColor+Extension.swift in Sources */,
				52A65F302B8FDEF5001EF2E0 /* RecipesViewController.swift in Sources */,
			);
			runOnlyForDeploymentPostprocessing = 0;
		};
/* End PBXSourcesBuildPhase section */

/* Begin PBXVariantGroup section */
		52A65F0D2B8CDEB7001EF2E0 /* Main.storyboard */ = {
			isa = PBXVariantGroup;
			children = (
				52A65F0E2B8CDEB7001EF2E0 /* Base */,
			);
			name = Main.storyboard;
			sourceTree = "<group>";
		};
		52A65F122B8CDEB9001EF2E0 /* LaunchScreen.storyboard */ = {
			isa = PBXVariantGroup;
			children = (
				52A65F132B8CDEB9001EF2E0 /* Base */,
			);
			name = LaunchScreen.storyboard;
			sourceTree = "<group>";
		};
/* End PBXVariantGroup section */

/* Begin XCBuildConfiguration section */
		52A65F162B8CDEB9001EF2E0 /* Debug */ = {
			isa = XCBuildConfiguration;
			buildSettings = {
				ALWAYS_SEARCH_USER_PATHS = NO;
				ASSETCATALOG_COMPILER_GENERATE_SWIFT_ASSET_SYMBOL_EXTENSIONS = NO;
				CLANG_ANALYZER_NONNULL = YES;
				CLANG_ANALYZER_NUMBER_OBJECT_CONVERSION = YES_AGGRESSIVE;
				CLANG_CXX_LANGUAGE_STANDARD = "gnu++17";
				CLANG_CXX_LIBRARY = "libc++";
				CLANG_ENABLE_MODULES = YES;
				CLANG_ENABLE_OBJC_ARC = YES;
				CLANG_ENABLE_OBJC_WEAK = YES;
				CLANG_WARN_BLOCK_CAPTURE_AUTORELEASING = YES;
				CLANG_WARN_BOOL_CONVERSION = YES;
				CLANG_WARN_COMMA = YES;
				CLANG_WARN_CONSTANT_CONVERSION = YES;
				CLANG_WARN_DEPRECATED_OBJC_IMPLEMENTATIONS = YES;
				CLANG_WARN_DIRECT_OBJC_ISA_USAGE = YES_ERROR;
				CLANG_WARN_DOCUMENTATION_COMMENTS = YES;
				CLANG_WARN_EMPTY_BODY = YES;
				CLANG_WARN_ENUM_CONVERSION = YES;
				CLANG_WARN_INFINITE_RECURSION = YES;
				CLANG_WARN_INT_CONVERSION = YES;
				CLANG_WARN_NON_LITERAL_NULL_CONVERSION = YES;
				CLANG_WARN_OBJC_IMPLICIT_RETAIN_SELF = YES;
				CLANG_WARN_OBJC_LITERAL_CONVERSION = YES;
				CLANG_WARN_OBJC_ROOT_CLASS = YES_ERROR;
				CLANG_WARN_QUOTED_INCLUDE_IN_FRAMEWORK_HEADER = YES;
				CLANG_WARN_RANGE_LOOP_ANALYSIS = YES;
				CLANG_WARN_STRICT_PROTOTYPES = YES;
				CLANG_WARN_SUSPICIOUS_MOVE = YES;
				CLANG_WARN_UNGUARDED_AVAILABILITY = YES_AGGRESSIVE;
				CLANG_WARN_UNREACHABLE_CODE = YES;
				CLANG_WARN__DUPLICATE_METHOD_MATCH = YES;
				COPY_PHASE_STRIP = NO;
				DEBUG_INFORMATION_FORMAT = dwarf;
				ENABLE_STRICT_OBJC_MSGSEND = YES;
				ENABLE_TESTABILITY = YES;
				ENABLE_USER_SCRIPT_SANDBOXING = YES;
				GCC_C_LANGUAGE_STANDARD = gnu11;
				GCC_DYNAMIC_NO_PIC = NO;
				GCC_NO_COMMON_BLOCKS = YES;
				GCC_OPTIMIZATION_LEVEL = 0;
				GCC_PREPROCESSOR_DEFINITIONS = (
					"DEBUG=1",
					"$(inherited)",
				);
				GCC_WARN_64_TO_32_BIT_CONVERSION = YES;
				GCC_WARN_ABOUT_RETURN_TYPE = YES_ERROR;
				GCC_WARN_UNDECLARED_SELECTOR = YES;
				GCC_WARN_UNINITIALIZED_AUTOS = YES_AGGRESSIVE;
				GCC_WARN_UNUSED_FUNCTION = YES;
				GCC_WARN_UNUSED_VARIABLE = YES;
				IPHONEOS_DEPLOYMENT_TARGET = 15.2;
				MTL_ENABLE_DEBUG_INFO = INCLUDE_SOURCE;
				MTL_FAST_MATH = YES;
				ONLY_ACTIVE_ARCH = YES;
				SDKROOT = iphoneos;
				SWIFT_ACTIVE_COMPILATION_CONDITIONS = DEBUG;
				SWIFT_OPTIMIZATION_LEVEL = "-Onone";
			};
			name = Debug;
		};
		52A65F172B8CDEB9001EF2E0 /* Release */ = {
			isa = XCBuildConfiguration;
			buildSettings = {
				ALWAYS_SEARCH_USER_PATHS = NO;
				ASSETCATALOG_COMPILER_GENERATE_SWIFT_ASSET_SYMBOL_EXTENSIONS = NO;
				CLANG_ANALYZER_NONNULL = YES;
				CLANG_ANALYZER_NUMBER_OBJECT_CONVERSION = YES_AGGRESSIVE;
				CLANG_CXX_LANGUAGE_STANDARD = "gnu++17";
				CLANG_CXX_LIBRARY = "libc++";
				CLANG_ENABLE_MODULES = YES;
				CLANG_ENABLE_OBJC_ARC = YES;
				CLANG_ENABLE_OBJC_WEAK = YES;
				CLANG_WARN_BLOCK_CAPTURE_AUTORELEASING = YES;
				CLANG_WARN_BOOL_CONVERSION = YES;
				CLANG_WARN_COMMA = YES;
				CLANG_WARN_CONSTANT_CONVERSION = YES;
				CLANG_WARN_DEPRECATED_OBJC_IMPLEMENTATIONS = YES;
				CLANG_WARN_DIRECT_OBJC_ISA_USAGE = YES_ERROR;
				CLANG_WARN_DOCUMENTATION_COMMENTS = YES;
				CLANG_WARN_EMPTY_BODY = YES;
				CLANG_WARN_ENUM_CONVERSION = YES;
				CLANG_WARN_INFINITE_RECURSION = YES;
				CLANG_WARN_INT_CONVERSION = YES;
				CLANG_WARN_NON_LITERAL_NULL_CONVERSION = YES;
				CLANG_WARN_OBJC_IMPLICIT_RETAIN_SELF = YES;
				CLANG_WARN_OBJC_LITERAL_CONVERSION = YES;
				CLANG_WARN_OBJC_ROOT_CLASS = YES_ERROR;
				CLANG_WARN_QUOTED_INCLUDE_IN_FRAMEWORK_HEADER = YES;
				CLANG_WARN_RANGE_LOOP_ANALYSIS = YES;
				CLANG_WARN_STRICT_PROTOTYPES = YES;
				CLANG_WARN_SUSPICIOUS_MOVE = YES;
				CLANG_WARN_UNGUARDED_AVAILABILITY = YES_AGGRESSIVE;
				CLANG_WARN_UNREACHABLE_CODE = YES;
				CLANG_WARN__DUPLICATE_METHOD_MATCH = YES;
				COPY_PHASE_STRIP = NO;
				DEBUG_INFORMATION_FORMAT = "dwarf-with-dsym";
				ENABLE_NS_ASSERTIONS = NO;
				ENABLE_STRICT_OBJC_MSGSEND = YES;
				ENABLE_USER_SCRIPT_SANDBOXING = YES;
				GCC_C_LANGUAGE_STANDARD = gnu11;
				GCC_NO_COMMON_BLOCKS = YES;
				GCC_WARN_64_TO_32_BIT_CONVERSION = YES;
				GCC_WARN_ABOUT_RETURN_TYPE = YES_ERROR;
				GCC_WARN_UNDECLARED_SELECTOR = YES;
				GCC_WARN_UNINITIALIZED_AUTOS = YES_AGGRESSIVE;
				GCC_WARN_UNUSED_FUNCTION = YES;
				GCC_WARN_UNUSED_VARIABLE = YES;
				IPHONEOS_DEPLOYMENT_TARGET = 15.2;
				MTL_ENABLE_DEBUG_INFO = NO;
				MTL_FAST_MATH = YES;
				SDKROOT = iphoneos;
				SWIFT_COMPILATION_MODE = wholemodule;
				SWIFT_OPTIMIZATION_LEVEL = "-O";
				VALIDATE_PRODUCT = YES;
			};
			name = Release;
		};
		52A65F192B8CDEB9001EF2E0 /* Debug */ = {
			isa = XCBuildConfiguration;
			buildSettings = {
				ASSETCATALOG_COMPILER_APPICON_NAME = AppIcon;
				ASSETCATALOG_COMPILER_GENERATE_SWIFT_ASSET_SYMBOL_EXTENSIONS = NO;
				ASSETCATALOG_COMPILER_GLOBAL_ACCENT_COLOR_NAME = AccentColor;
				CODE_SIGN_STYLE = Automatic;
				CURRENT_PROJECT_VERSION = 1;
				ENABLE_USER_SCRIPT_SANDBOXING = NO;
				GENERATE_INFOPLIST_FILE = YES;
				INFOPLIST_FILE = MVPproject/SupportingFiles/Info.plist;
				INFOPLIST_KEY_UIApplicationSupportsIndirectInputEvents = YES;
				INFOPLIST_KEY_UILaunchStoryboardName = LaunchScreen;
				INFOPLIST_KEY_UISupportedInterfaceOrientations_iPad = "UIInterfaceOrientationPortrait UIInterfaceOrientationPortraitUpsideDown UIInterfaceOrientationLandscapeLeft UIInterfaceOrientationLandscapeRight";
				INFOPLIST_KEY_UISupportedInterfaceOrientations_iPhone = "UIInterfaceOrientationPortrait UIInterfaceOrientationLandscapeLeft UIInterfaceOrientationLandscapeRight";
				LD_RUNPATH_SEARCH_PATHS = (
					"$(inherited)",
					"@executable_path/Frameworks",
				);
				MARKETING_VERSION = 1.0;
				PRODUCT_BUNDLE_IDENTIFIER = AS.MVPproject;
				PRODUCT_NAME = "$(TARGET_NAME)";
				SWIFT_EMIT_LOC_STRINGS = YES;
				SWIFT_VERSION = 5.0;
				TARGETED_DEVICE_FAMILY = "1,2";
			};
			name = Debug;
		};
		52A65F1A2B8CDEB9001EF2E0 /* Release */ = {
			isa = XCBuildConfiguration;
			buildSettings = {
				ASSETCATALOG_COMPILER_APPICON_NAME = AppIcon;
				ASSETCATALOG_COMPILER_GENERATE_SWIFT_ASSET_SYMBOL_EXTENSIONS = NO;
				ASSETCATALOG_COMPILER_GLOBAL_ACCENT_COLOR_NAME = AccentColor;
				CODE_SIGN_STYLE = Automatic;
				CURRENT_PROJECT_VERSION = 1;
				ENABLE_USER_SCRIPT_SANDBOXING = NO;
				GENERATE_INFOPLIST_FILE = YES;
				INFOPLIST_FILE = MVPproject/SupportingFiles/Info.plist;
				INFOPLIST_KEY_UIApplicationSupportsIndirectInputEvents = YES;
				INFOPLIST_KEY_UILaunchStoryboardName = LaunchScreen;
				INFOPLIST_KEY_UISupportedInterfaceOrientations_iPad = "UIInterfaceOrientationPortrait UIInterfaceOrientationPortraitUpsideDown UIInterfaceOrientationLandscapeLeft UIInterfaceOrientationLandscapeRight";
				INFOPLIST_KEY_UISupportedInterfaceOrientations_iPhone = "UIInterfaceOrientationPortrait UIInterfaceOrientationLandscapeLeft UIInterfaceOrientationLandscapeRight";
				LD_RUNPATH_SEARCH_PATHS = (
					"$(inherited)",
					"@executable_path/Frameworks",
				);
				MARKETING_VERSION = 1.0;
				PRODUCT_BUNDLE_IDENTIFIER = AS.MVPproject;
				PRODUCT_NAME = "$(TARGET_NAME)";
				SWIFT_EMIT_LOC_STRINGS = YES;
				SWIFT_VERSION = 5.0;
				TARGETED_DEVICE_FAMILY = "1,2";
			};
			name = Release;
		};
/* End XCBuildConfiguration section */

/* Begin XCConfigurationList section */
		52A65EFF2B8CDEB7001EF2E0 /* Build configuration list for PBXProject "MVPproject" */ = {
			isa = XCConfigurationList;
			buildConfigurations = (
				52A65F162B8CDEB9001EF2E0 /* Debug */,
				52A65F172B8CDEB9001EF2E0 /* Release */,
			);
			defaultConfigurationIsVisible = 0;
			defaultConfigurationName = Release;
		};
		52A65F182B8CDEB9001EF2E0 /* Build configuration list for PBXNativeTarget "MVPproject" */ = {
			isa = XCConfigurationList;
			buildConfigurations = (
				52A65F192B8CDEB9001EF2E0 /* Debug */,
				52A65F1A2B8CDEB9001EF2E0 /* Release */,
			);
			defaultConfigurationIsVisible = 0;
			defaultConfigurationName = Release;
		};
/* End XCConfigurationList section */
	};
	rootObject = 52A65EFC2B8CDEB7001EF2E0 /* Project object */;
}
